{
  "nodes": {
    "nixpkgs": {
      "locked": {
        "lastModified": 1689752456,
        "narHash": "sha256-VOChdECcEI8ixz8QY+YC4JaNEFwQd1V8bA0G4B28Ki0=",
        "owner": "NixOS",
        "repo": "nixpkgs",
        "rev": "7f256d7da238cb627ef189d56ed590739f42f13b",
        "type": "github"
      },
      "original": {
        "id": "nixpkgs",
        "ref": "nixpkgs-unstable",
        "type": "indirect"
      }
    },
    "nixpkgs-conan1": {
      "locked": {
        "lastModified": 1677270931,
        "narHash": "sha256-CWw5G9cheVxgJs+IfhAHwrAIKCgTA3hhbZelGbqj4rg=",
        "owner": "nixos",
        "repo": "nixpkgs",
        "rev": "1e21c5807c4010c84c4628aab2af38a45c46c575",
        "type": "github"
      },
      "original": {
        "owner": "nixos",
        "repo": "nixpkgs",
        "rev": "1e21c5807c4010c84c4628aab2af38a45c46c575",
        "type": "github"
      }
    },
    "root": {
      "inputs": {
        "nixpkgs": "nixpkgs",
        "nixpkgs-conan1": "nixpkgs-conan1"
      }
    }
  },
  "root": "root",
  "version": 7
}
